
Microsoft Visual Studio Solution File, Format Version 12.00
# Visual Studio Version 16
VisualStudioVersion = 16.0.31729.503
MinimumVisualStudioVersion = 10.0.40219.1
Project("{FAE04EC0-301F-11D3-BF4B-00C04F79EFBC}") = "16", "16\16.csproj", "{C4F4E956-DE11-4DD7-8152-68E9A1377CD6}"
EndProject
Global
	GlobalSection(SolutionConfigurationPlatforms) = preSolution
		Debug|Any CPU = Debug|Any CPU
		Release|Any CPU = Release|Any CPU
	EndGlobalSection
	GlobalSection(ProjectConfigurationPlatforms) = postSolution
		{C4F4E956-DE11-4DD7-8152-68E9A1377CD6}.Debug|Any CPU.ActiveCfg = Debug|Any CPU
		{C4F4E956-DE11-4DD7-8152-68E9A1377CD6}.Debug|Any CPU.Build.0 = Debug|Any CPU
		{C4F4E956-DE11-4DD7-8152-68E9A1377CD6}.Release|Any CPU.ActiveCfg = Release|Any CPU
		{C4F4E956-DE11-4DD7-8152-68E9A1377CD6}.Release|Any CPU.Build.0 = Release|Any CPU
	EndGlobalSection
	GlobalSection(SolutionProperties) = preSolution
		HideSolutionNode = FALSE
	EndGlobalSection
	GlobalSection(ExtensibilityGlobals) = postSolution
		SolutionGuid = {A6A40B92-7F38-4124-A2CF-7B8399950BD3}
	EndGlobalSection
EndGlobal
