
Microsoft Visual Studio Solution File, Format Version 12.00
# Visual Studio Version 16
VisualStudioVersion = 16.0.31729.503
MinimumVisualStudioVersion = 10.0.40219.1
Project("{FAE04EC0-301F-11D3-BF4B-00C04F79EFBC}") = "15", "15\15.csproj", "{96D75DD4-A4C1-4A43-B323-86DD3C101FA4}"
EndProject
Global
	GlobalSection(SolutionConfigurationPlatforms) = preSolution
		Debug|Any CPU = Debug|Any CPU
		Release|Any CPU = Release|Any CPU
	EndGlobalSection
	GlobalSection(ProjectConfigurationPlatforms) = postSolution
		{96D75DD4-A4C1-4A43-B323-86DD3C101FA4}.Debug|Any CPU.ActiveCfg = Debug|Any CPU
		{96D75DD4-A4C1-4A43-B323-86DD3C101FA4}.Debug|Any CPU.Build.0 = Debug|Any CPU
		{96D75DD4-A4C1-4A43-B323-86DD3C101FA4}.Release|Any CPU.ActiveCfg = Release|Any CPU
		{96D75DD4-A4C1-4A43-B323-86DD3C101FA4}.Release|Any CPU.Build.0 = Release|Any CPU
	EndGlobalSection
	GlobalSection(SolutionProperties) = preSolution
		HideSolutionNode = FALSE
	EndGlobalSection
	GlobalSection(ExtensibilityGlobals) = postSolution
		SolutionGuid = {D275A9DD-492C-46A2-A9D6-AE5B573F25E8}
	EndGlobalSection
EndGlobal
