
Microsoft Visual Studio Solution File, Format Version 12.00
# Visual Studio Version 16
VisualStudioVersion = 16.0.31624.102
MinimumVisualStudioVersion = 10.0.40219.1
Project("{FAE04EC0-301F-11D3-BF4B-00C04F79EFBC}") = "5", "5\5.csproj", "{6D069044-1E9D-4BB7-BA9B-299FE549BD33}"
EndProject
Global
	GlobalSection(SolutionConfigurationPlatforms) = preSolution
		Debug|Any CPU = Debug|Any CPU
		Release|Any CPU = Release|Any CPU
	EndGlobalSection
	GlobalSection(ProjectConfigurationPlatforms) = postSolution
		{6D069044-1E9D-4BB7-BA9B-299FE549BD33}.Debug|Any CPU.ActiveCfg = Debug|Any CPU
		{6D069044-1E9D-4BB7-BA9B-299FE549BD33}.Debug|Any CPU.Build.0 = Debug|Any CPU
		{6D069044-1E9D-4BB7-BA9B-299FE549BD33}.Release|Any CPU.ActiveCfg = Release|Any CPU
		{6D069044-1E9D-4BB7-BA9B-299FE549BD33}.Release|Any CPU.Build.0 = Release|Any CPU
	EndGlobalSection
	GlobalSection(SolutionProperties) = preSolution
		HideSolutionNode = FALSE
	EndGlobalSection
	GlobalSection(ExtensibilityGlobals) = postSolution
		SolutionGuid = {149B9167-7F39-4D35-B793-AD8DEE8A7C02}
	EndGlobalSection
EndGlobal
